
Microsoft Visual Studio Solution File, Format Version 12.00
# Visual Studio Version 17
VisualStudioVersion = 17.5.33530.505
MinimumVisualStudioVersion = 10.0.40219.1
Project("{FAE04EC0-301F-11D3-BF4B-00C04F79EFBC}") = "GPU.Math.Net", "GPU.Math.Net\GPU.Math.Net.csproj", "{0931F6CA-94C7-4824-9FA1-65E8674BBE0C}"
EndProject
Project("{FAE04EC0-301F-11D3-BF4B-00C04F79EFBC}") = "GpuArrayDemo", "GpuArrayDemo\GpuArrayDemo.csproj", "{2B1E5AF9-B926-472C-B808-16636EA0621A}"
EndProject
Global
	GlobalSection(SolutionConfigurationPlatforms) = preSolution
		Debug|Any CPU = Debug|Any CPU
		Release|Any CPU = Release|Any CPU
	EndGlobalSection
	GlobalSection(ProjectConfigurationPlatforms) = postSolution
		{0931F6CA-94C7-4824-9FA1-65E8674BBE0C}.Debug|Any CPU.ActiveCfg = Debug|Any CPU
		{0931F6CA-94C7-4824-9FA1-65E8674BBE0C}.Debug|Any CPU.Build.0 = Debug|Any CPU
		{0931F6CA-94C7-4824-9FA1-65E8674BBE0C}.Release|Any CPU.ActiveCfg = Release|Any CPU
		{0931F6CA-94C7-4824-9FA1-65E8674BBE0C}.Release|Any CPU.Build.0 = Release|Any CPU
		{2B1E5AF9-B926-472C-B808-16636EA0621A}.Debug|Any CPU.ActiveCfg = Debug|Any CPU
		{2B1E5AF9-B926-472C-B808-16636EA0621A}.Debug|Any CPU.Build.0 = Debug|Any CPU
		{2B1E5AF9-B926-472C-B808-16636EA0621A}.Release|Any CPU.ActiveCfg = Release|Any CPU
		{2B1E5AF9-B926-472C-B808-16636EA0621A}.Release|Any CPU.Build.0 = Release|Any CPU
	EndGlobalSection
	GlobalSection(SolutionProperties) = preSolution
		HideSolutionNode = FALSE
	EndGlobalSection
	GlobalSection(ExtensibilityGlobals) = postSolution
		SolutionGuid = {4D32F180-E7F8-4CA6-AF6A-00892A98C342}
	EndGlobalSection
EndGlobal
